
Microsoft Visual Studio Solution File, Format Version 11.00
# Visual Studio 2010
Project("{FAE04EC0-301F-11D3-BF4B-00C04F79EFBC}") = "Memoizer", "Memoize\Memoizer.csproj", "{CADF30AD-A642-4986-BE4F-C3CD3C30AFD6}"
EndProject
Global
	GlobalSection(SolutionConfigurationPlatforms) = preSolution
		Debug|Any CPU = Debug|Any CPU
		Release|Any CPU = Release|Any CPU
	EndGlobalSection
	GlobalSection(ProjectConfigurationPlatforms) = postSolution
		{CADF30AD-A642-4986-BE4F-C3CD3C30AFD6}.Debug|Any CPU.ActiveCfg = Debug|Any CPU
		{CADF30AD-A642-4986-BE4F-C3CD3C30AFD6}.Debug|Any CPU.Build.0 = Debug|Any CPU
		{CADF30AD-A642-4986-BE4F-C3CD3C30AFD6}.Release|Any CPU.ActiveCfg = Release|Any CPU
		{CADF30AD-A642-4986-BE4F-C3CD3C30AFD6}.Release|Any CPU.Build.0 = Release|Any CPU
	EndGlobalSection
	GlobalSection(SolutionProperties) = preSolution
		HideSolutionNode = FALSE
	EndGlobalSection
EndGlobal
